# Trava das dependências: versões exatas e o sha256 de todos os arquivos de cada versão no PyPI,
# para servir em Windows, Linux e macOS. Gerada a partir do requirements.txt em 2026-09-12; não editar à mão.
# Instalar: python3 -m pip install --user --require-hashes -r requirements.lock

linkify-it-py==2.2.0 \
    --hash=sha256:3adc40eb5af300b2605fcfdb968c24e1d780a90f1f2221af7c15e5111e94d443 \
    --hash=sha256:907acd2d17ac1fbb9ddb62c8957ccbd6158cac602231a15c3b0cd1e215f03cee
markdown-it-py==4.2.0 \
    --hash=sha256:04a21681d6fbb623de53f6f364d352309d4094dd4194040a10fd51833e418d49 \
    --hash=sha256:9f7ebbcd14fe59494226453aed97c1070d83f8d24b6fc3a3bcf9a38092641c4a
mdit-py-plugins==0.6.1 \
    --hash=sha256:214c82fb2ac524472ab6a5bcab1de80f73b50443e187f401bfd77efbc7c6481d \
    --hash=sha256:a2bca0f039f39dbd35fb74ae1b5f998608c437463371f0ff7f49a19a17a114d0
mdurl==0.1.2 \
    --hash=sha256:84008a41e51615a49fc9966191ff91509e3c40b939176e643fd50a5c2196b8f8 \
    --hash=sha256:bb413d29f5eea38f31dd4754dd7377d4465116fb207585f97bf925588687c1ba
nvidia-ml-py==13.610.43 \
    --hash=sha256:65437eb73d68d0c62c931ca4d45038472faff03bd0b8729abba4b899f70d60f2 \
    --hash=sha256:f13c72698edef492f985cc225f14faafe68ae065a2e407f45bdf6f4b9b43fde8
platformdirs==4.11.8 \
    --hash=sha256:52f2f181bbfde907966932cc8312d967d02976422d66d537ea16092b8e291081 \
    --hash=sha256:f23abafea7dd4276d1f29104b83598d7dcc567cafd07c9c951e66665645437fc
psutil==7.2.2 \
    --hash=sha256:0746f5f8d406af344fd547f1c8daa5f5c33dbc293bb8d6a16d80b4bb88f59372 \
    --hash=sha256:076a2d2f923fd4821644f5ba89f059523da90dc9014e85f8e45a5774ca5bc6f9 \
    --hash=sha256:11fe5a4f613759764e79c65cf11ebdf26e33d6dd34336f8a337aa2996d71c841 \
    --hash=sha256:1a571f2330c966c62aeda00dd24620425d4b0cc86881c89861fbc04549e5dc63 \
    --hash=sha256:1a7b04c10f32cc88ab39cbf606e117fd74721c831c98a27dc04578deb0c16979 \
    --hash=sha256:1fa4ecf83bcdf6e6c8f4449aff98eefb5d0604bf88cb883d7da3d8d2d909546a \
    --hash=sha256:2edccc433cbfa046b980b0df0171cd25bcaeb3a68fe9022db0979e7aa74a826b \
    --hash=sha256:7b6d09433a10592ce39b13d7be5a54fbac1d1228ed29abc880fb23df7cb694c9 \
    --hash=sha256:8c233660f575a5a89e6d4cb65d9f938126312bca76d8fe087b947b3a1aaac9ee \
    --hash=sha256:917e891983ca3c1887b4ef36447b1e0873e70c933afc831c6b6da078ba474312 \
    --hash=sha256:ab486563df44c17f5173621c7b198955bd6b613fb87c71c161f827d3fb149a9b \
    --hash=sha256:ae0aefdd8796a7737eccea863f80f81e468a1e4cf14d926bd9b6f5f2d5f90ca9 \
    --hash=sha256:b0726cecd84f9474419d67252add4ac0cd9811b04d61123054b9fb6f57df6e9e \
    --hash=sha256:b58fabe35e80b264a4e3bb23e6b96f9e45a3df7fb7eed419ac0e5947c61e47cc \
    --hash=sha256:c7663d4e37f13e884d13994247449e9f8f574bc4655d509c3b95e9ec9e2b9dc1 \
    --hash=sha256:e452c464a02e7dc7822a05d25db4cde564444a67e58539a00f929c51eddda0cf \
    --hash=sha256:e78c8603dcd9a04c7364f1a3e670cea95d51ee865e4efb3556a3a63adef958ea \
    --hash=sha256:eb7e81434c8d223ec4a219b5fc1c47d0417b12be7ea866e24fb5ad6e84b3d988 \
    --hash=sha256:ed0cace939114f62738d808fdcecd4c869222507e266e574799e9c0faa17d486 \
    --hash=sha256:eed63d3b4d62449571547b60578c5b2c4bcccc5387148db46e0c2313dad0ee00 \
    --hash=sha256:fd04ef36b4a6d599bbdb225dd1d3f51e00105f6d48a28f006da7f9822f2606d8
pygments==2.21.0 \
    --hash=sha256:2363c69b61c4a97c838da3b130dcd6468f4848992b21a82f2a63ec34377137d9 \
    --hash=sha256:610ca751c9bc2492b38eb9a38a7fbc93edbbb2d7182edaf34e66ae493dee5c8c
rich==15.0.0 \
    --hash=sha256:33bd4ef74232fb73fe9279a257718407f169c09b78a87ad3d296f548e27de0bb \
    --hash=sha256:edd07a4824c6b40189fb7ac9bc4c52536e9780fbbfbddf6f1e2502c31b068c36
textual==8.2.8 \
    --hash=sha256:267375fd402dc8d981457212efa71f0e3365fd17bba144ba9bb3ed7563cb374a \
    --hash=sha256:3f106a9fbc73e39dd266c9712432087de78a6d644084c7c241d6a25c3169115b
typing-extensions==4.15.0 \
    --hash=sha256:0cea48d173cc12fa28ecabc3b837ea3cf6f38c6d1136f85cbaaf598984861466 \
    --hash=sha256:f0fa19c6845758ab08074a0cfa8b7aecb71c999ca73d62883bc25cc018c4e548
